
Microsoft Visual Studio Solution File, Format Version 12.00
# Visual Studio Version 16
VisualStudioVersion = 16.0.29519.87
MinimumVisualStudioVersion = 10.0.40219.1
Project("{FAE04EC0-301F-11D3-BF4B-00C04F79EFBC}") = "Mapper", "MapReduceTest\Mapper.csproj", "{72343D37-7B4E-4321-9B92-9183334BCC16}"
EndProject
Project("{FAE04EC0-301F-11D3-BF4B-00C04F79EFBC}") = "Reducer", "Reducer\Reducer.csproj", "{5D5DC628-8C06-42B6-8412-CC7CED46F745}"
EndProject
Project("{FAE04EC0-301F-11D3-BF4B-00C04F79EFBC}") = "FunctionTest", "FunctionTest\FunctionTest.csproj", "{111392CF-BD90-416D-B64D-AE05ED3C8090}"
EndProject
Global
	GlobalSection(SolutionConfigurationPlatforms) = preSolution
		Debug|Any CPU = Debug|Any CPU
		Release|Any CPU = Release|Any CPU
	EndGlobalSection
	GlobalSection(ProjectConfigurationPlatforms) = postSolution
		{72343D37-7B4E-4321-9B92-9183334BCC16}.Debug|Any CPU.ActiveCfg = Debug|Any CPU
		{72343D37-7B4E-4321-9B92-9183334BCC16}.Debug|Any CPU.Build.0 = Debug|Any CPU
		{72343D37-7B4E-4321-9B92-9183334BCC16}.Release|Any CPU.ActiveCfg = Release|Any CPU
		{72343D37-7B4E-4321-9B92-9183334BCC16}.Release|Any CPU.Build.0 = Release|Any CPU
		{5D5DC628-8C06-42B6-8412-CC7CED46F745}.Debug|Any CPU.ActiveCfg = Debug|Any CPU
		{5D5DC628-8C06-42B6-8412-CC7CED46F745}.Debug|Any CPU.Build.0 = Debug|Any CPU
		{5D5DC628-8C06-42B6-8412-CC7CED46F745}.Release|Any CPU.ActiveCfg = Release|Any CPU
		{5D5DC628-8C06-42B6-8412-CC7CED46F745}.Release|Any CPU.Build.0 = Release|Any CPU
		{111392CF-BD90-416D-B64D-AE05ED3C8090}.Debug|Any CPU.ActiveCfg = Debug|Any CPU
		{111392CF-BD90-416D-B64D-AE05ED3C8090}.Debug|Any CPU.Build.0 = Debug|Any CPU
		{111392CF-BD90-416D-B64D-AE05ED3C8090}.Release|Any CPU.ActiveCfg = Release|Any CPU
		{111392CF-BD90-416D-B64D-AE05ED3C8090}.Release|Any CPU.Build.0 = Release|Any CPU
	EndGlobalSection
	GlobalSection(SolutionProperties) = preSolution
		HideSolutionNode = FALSE
	EndGlobalSection
	GlobalSection(ExtensibilityGlobals) = postSolution
		SolutionGuid = {260358F7-21BE-47D1-AF07-7EECAE6F34BB}
	EndGlobalSection
EndGlobal
